
Microsoft Visual Studio Solution File, Format Version 12.00
# Visual Studio Version 16
VisualStudioVersion = 16.0.31205.134
MinimumVisualStudioVersion = 10.0.40219.1
Project("{FAE04EC0-301F-11D3-BF4B-00C04F79EFBC}") = "ChessGamePlay", "ChessGamePlay\ChessGamePlay.csproj", "{37D30686-1DA8-4DF6-93E3-2EC1A5BAF10E}"
EndProject
Global
	GlobalSection(SolutionConfigurationPlatforms) = preSolution
		Debug|Any CPU = Debug|Any CPU
		Release|Any CPU = Release|Any CPU
	EndGlobalSection
	GlobalSection(ProjectConfigurationPlatforms) = postSolution
		{37D30686-1DA8-4DF6-93E3-2EC1A5BAF10E}.Debug|Any CPU.ActiveCfg = Debug|Any CPU
		{37D30686-1DA8-4DF6-93E3-2EC1A5BAF10E}.Debug|Any CPU.Build.0 = Debug|Any CPU
		{37D30686-1DA8-4DF6-93E3-2EC1A5BAF10E}.Release|Any CPU.ActiveCfg = Release|Any CPU
		{37D30686-1DA8-4DF6-93E3-2EC1A5BAF10E}.Release|Any CPU.Build.0 = Release|Any CPU
	EndGlobalSection
	GlobalSection(SolutionProperties) = preSolution
		HideSolutionNode = FALSE
	EndGlobalSection
	GlobalSection(ExtensibilityGlobals) = postSolution
		SolutionGuid = {D13E7113-D5D3-47AD-BDAF-B28EF0A261D5}
	EndGlobalSection
EndGlobal
